{
  "name": "node",
  "lockfileVersion": 3,
  "requires": true,
  "packages": {
    "": {
      "dependencies": {
        "crate": "file:../../pkg"
      }
    },
    "../../pkg": {
      "name": "wasm_multiexp_bench",
      "license": "GPL-3.0-only"
    },
    "node_modules/crate": {
      "resolved": "../../pkg",
      "link": true
    }
  }
}
